
Microsoft Visual Studio Solution File, Format Version 12.00
# Visual Studio Version 17
VisualStudioVersion = 17.1.32328.378
MinimumVisualStudioVersion = 10.0.40219.1
Project("{2150E333-8FDC-42A3-9474-1A3956D46DE8}") = "1 - Presentation", "1 - Presentation", "{6E013A58-0F24-4171-8B5A-24F9FC08851D}"
EndProject
Project("{2150E333-8FDC-42A3-9474-1A3956D46DE8}") = "2 - Services", "2 - Services", "{25DD1138-5674-4974-8BF5-20154C6BBD06}"
EndProject
Project("{2150E333-8FDC-42A3-9474-1A3956D46DE8}") = "3 - Domain", "3 - Domain", "{604094B3-A24E-4FDC-BA35-C33C7D40B7B8}"
EndProject
Project("{2150E333-8FDC-42A3-9474-1A3956D46DE8}") = "4 - Infra", "4 - Infra", "{8159826D-AF8D-4B31-880C-371962DF62A1}"
EndProject
Project("{9A19103F-16F7-4668-BE54-9A1E7A4F7556}") = "EquipManager.Presentation", "EquipManager.Presentation\EquipManager.Presentation.csproj", "{AF824C4E-92EB-444F-BA38-EE748FC3F892}"
EndProject
Project("{2150E333-8FDC-42A3-9474-1A3956D46DE8}") = "4.1 - Data", "4.1 - Data", "{455A0829-2058-4D2A-9545-5B323012AD19}"
EndProject
Project("{9A19103F-16F7-4668-BE54-9A1E7A4F7556}") = "EquipManager.Infra.Data", "EquipManager.Infra.Data\EquipManager.Infra.Data.csproj", "{DF912095-5E4F-4EFE-9C92-7A20D8AFBA8A}"
EndProject
Project("{9A19103F-16F7-4668-BE54-9A1E7A4F7556}") = "EquipManager.Domain", "EquipManager.Domain\EquipManager.Domain.csproj", "{BC314E60-ACEA-4343-AE0E-2AE18C23A331}"
EndProject
Project("{2150E333-8FDC-42A3-9474-1A3956D46DE8}") = "4.2 - Core", "4.2 - Core", "{5DF43390-2895-4ACE-B6F8-0A60299E5014}"
EndProject
Project("{9A19103F-16F7-4668-BE54-9A1E7A4F7556}") = "EquipManager.Infra.Core", "EquipManager.Infra.Core\EquipManager.Infra.Core.csproj", "{7FAFC564-08D0-46D7-A366-3C87B44E6DB5}"
EndProject
Project("{2150E333-8FDC-42A3-9474-1A3956D46DE8}") = "2.1 - Data", "2.1 - Data", "{A24AF9A7-7DD5-45CC-BE52-85609EA32D39}"
EndProject
Project("{2150E333-8FDC-42A3-9474-1A3956D46DE8}") = "2.2 - UI", "2.2 - UI", "{DA3837FA-A7EE-4156-8860-EA3E8E9A22D1}"
EndProject
Project("{9A19103F-16F7-4668-BE54-9A1E7A4F7556}") = "EquipManager.Services.Data", "EquipManager.Services.Data\EquipManager.Services.Data.csproj", "{E9D49CC4-9E94-4CD0-96A3-F53EB61BB6D1}"
EndProject
Project("{9A19103F-16F7-4668-BE54-9A1E7A4F7556}") = "EquipManager.Services.Data.Features", "EquipManager.Services.Data.Features\EquipManager.Services.Data.Features.csproj", "{869B5459-069B-4254-A9E7-71A1710C3DFD}"
EndProject
Project("{9A19103F-16F7-4668-BE54-9A1E7A4F7556}") = "EquipManager.Services.UI.Desktop", "EquipManager.Services.UI.Desktop\EquipManager.Services.UI.Desktop.csproj", "{753875A7-D81A-441E-B003-FC0CE1AD63AA}"
EndProject
Project("{2150E333-8FDC-42A3-9474-1A3956D46DE8}") = "2.3 - Interfaces", "2.3 - Interfaces", "{5F7F37DC-5EC8-48ED-9124-4C02122FA4B2}"
EndProject
Project("{2150E333-8FDC-42A3-9474-1A3956D46DE8}") = "2.3.1 - Data", "2.3.1 - Data", "{922F90E3-DBFC-4508-ADBA-DBDBEA82868E}"
EndProject
Project("{2150E333-8FDC-42A3-9474-1A3956D46DE8}") = "2.3.2 - UI", "2.3.2 - UI", "{1E73839B-FF8E-4EA0-B923-9F7F284A5530}"
EndProject
Project("{9A19103F-16F7-4668-BE54-9A1E7A4F7556}") = "EquipManager.Services.Interfaces.UI.Desktop", "EquipManager.Services.Interfaces.UI.Desktop\EquipManager.Services.Interfaces.UI.Desktop.csproj", "{C3CDE2A6-3369-423C-9CC7-E98C9BCC0604}"
EndProject
Project("{9A19103F-16F7-4668-BE54-9A1E7A4F7556}") = "EquipManager.Services.Interfaces.Data", "EquipManager.Services.Interfaces.Data\EquipManager.Services.Interfaces.Data.csproj", "{A5112B98-6226-424C-B2BB-BDB0A409F31C}"
EndProject
Project("{9A19103F-16F7-4668-BE54-9A1E7A4F7556}") = "EquipManager.Infra.Core.Extensions", "EquipManager.Infra.Core.Extensions\EquipManager.Infra.Core.Extensions.csproj", "{EB3AAD7D-18CE-45E5-86B8-828D5AA084C8}"
EndProject
Project("{2150E333-8FDC-42A3-9474-1A3956D46DE8}") = "2.3.3 - Application", "2.3.3 - Application", "{F443F6DC-48F9-49C8-8B4D-25B666C31998}"
EndProject
Project("{9A19103F-16F7-4668-BE54-9A1E7A4F7556}") = "EquipManager.Services.Interfaces.Application", "EquipManager.Services.Interfaces.Application\EquipManager.Services.Interfaces.Application.csproj", "{3F4B7DD7-F39A-4C23-8FC3-7AC305760F55}"
EndProject
Project("{2150E333-8FDC-42A3-9474-1A3956D46DE8}") = "2.4 - COM", "2.4 - COM", "{1427A19B-4B70-444C-9E4C-3E828B3D3E31}"
EndProject
Project("{9A19103F-16F7-4668-BE54-9A1E7A4F7556}") = "EquipManager.Services.Com", "EquipManager.Services.Com\EquipManager.Services.Com.csproj", "{A399FADB-8B80-42B0-B77A-5D4D83B22350}"
EndProject
Global
	GlobalSection(SolutionConfigurationPlatforms) = preSolution
		Debug|Any CPU = Debug|Any CPU
		Release|Any CPU = Release|Any CPU
	EndGlobalSection
	GlobalSection(ProjectConfigurationPlatforms) = postSolution
		{AF824C4E-92EB-444F-BA38-EE748FC3F892}.Debug|Any CPU.ActiveCfg = Debug|Any CPU
		{AF824C4E-92EB-444F-BA38-EE748FC3F892}.Debug|Any CPU.Build.0 = Debug|Any CPU
		{AF824C4E-92EB-444F-BA38-EE748FC3F892}.Release|Any CPU.ActiveCfg = Release|Any CPU
		{AF824C4E-92EB-444F-BA38-EE748FC3F892}.Release|Any CPU.Build.0 = Release|Any CPU
		{DF912095-5E4F-4EFE-9C92-7A20D8AFBA8A}.Debug|Any CPU.ActiveCfg = Debug|Any CPU
		{DF912095-5E4F-4EFE-9C92-7A20D8AFBA8A}.Debug|Any CPU.Build.0 = Debug|Any CPU
		{DF912095-5E4F-4EFE-9C92-7A20D8AFBA8A}.Release|Any CPU.ActiveCfg = Release|Any CPU
		{DF912095-5E4F-4EFE-9C92-7A20D8AFBA8A}.Release|Any CPU.Build.0 = Release|Any CPU
		{BC314E60-ACEA-4343-AE0E-2AE18C23A331}.Debug|Any CPU.ActiveCfg = Debug|Any CPU
		{BC314E60-ACEA-4343-AE0E-2AE18C23A331}.Debug|Any CPU.Build.0 = Debug|Any CPU
		{BC314E60-ACEA-4343-AE0E-2AE18C23A331}.Release|Any CPU.ActiveCfg = Release|Any CPU
		{BC314E60-ACEA-4343-AE0E-2AE18C23A331}.Release|Any CPU.Build.0 = Release|Any CPU
		{7FAFC564-08D0-46D7-A366-3C87B44E6DB5}.Debug|Any CPU.ActiveCfg = Debug|Any CPU
		{7FAFC564-08D0-46D7-A366-3C87B44E6DB5}.Debug|Any CPU.Build.0 = Debug|Any CPU
		{7FAFC564-08D0-46D7-A366-3C87B44E6DB5}.Release|Any CPU.ActiveCfg = Release|Any CPU
		{7FAFC564-08D0-46D7-A366-3C87B44E6DB5}.Release|Any CPU.Build.0 = Release|Any CPU
		{E9D49CC4-9E94-4CD0-96A3-F53EB61BB6D1}.Debug|Any CPU.ActiveCfg = Debug|Any CPU
		{E9D49CC4-9E94-4CD0-96A3-F53EB61BB6D1}.Debug|Any CPU.Build.0 = Debug|Any CPU
		{E9D49CC4-9E94-4CD0-96A3-F53EB61BB6D1}.Release|Any CPU.ActiveCfg = Release|Any CPU
		{E9D49CC4-9E94-4CD0-96A3-F53EB61BB6D1}.Release|Any CPU.Build.0 = Release|Any CPU
		{869B5459-069B-4254-A9E7-71A1710C3DFD}.Debug|Any CPU.ActiveCfg = Debug|Any CPU
		{869B5459-069B-4254-A9E7-71A1710C3DFD}.Debug|Any CPU.Build.0 = Debug|Any CPU
		{869B5459-069B-4254-A9E7-71A1710C3DFD}.Release|Any CPU.ActiveCfg = Release|Any CPU
		{869B5459-069B-4254-A9E7-71A1710C3DFD}.Release|Any CPU.Build.0 = Release|Any CPU
		{753875A7-D81A-441E-B003-FC0CE1AD63AA}.Debug|Any CPU.ActiveCfg = Debug|Any CPU
		{753875A7-D81A-441E-B003-FC0CE1AD63AA}.Debug|Any CPU.Build.0 = Debug|Any CPU
		{753875A7-D81A-441E-B003-FC0CE1AD63AA}.Release|Any CPU.ActiveCfg = Release|Any CPU
		{753875A7-D81A-441E-B003-FC0CE1AD63AA}.Release|Any CPU.Build.0 = Release|Any CPU
		{C3CDE2A6-3369-423C-9CC7-E98C9BCC0604}.Debug|Any CPU.ActiveCfg = Debug|Any CPU
		{C3CDE2A6-3369-423C-9CC7-E98C9BCC0604}.Debug|Any CPU.Build.0 = Debug|Any CPU
		{C3CDE2A6-3369-423C-9CC7-E98C9BCC0604}.Release|Any CPU.ActiveCfg = Release|Any CPU
		{C3CDE2A6-3369-423C-9CC7-E98C9BCC0604}.Release|Any CPU.Build.0 = Release|Any CPU
		{A5112B98-6226-424C-B2BB-BDB0A409F31C}.Debug|Any CPU.ActiveCfg = Debug|Any CPU
		{A5112B98-6226-424C-B2BB-BDB0A409F31C}.Debug|Any CPU.Build.0 = Debug|Any CPU
		{A5112B98-6226-424C-B2BB-BDB0A409F31C}.Release|Any CPU.ActiveCfg = Release|Any CPU
		{A5112B98-6226-424C-B2BB-BDB0A409F31C}.Release|Any CPU.Build.0 = Release|Any CPU
		{EB3AAD7D-18CE-45E5-86B8-828D5AA084C8}.Debug|Any CPU.ActiveCfg = Debug|Any CPU
		{EB3AAD7D-18CE-45E5-86B8-828D5AA084C8}.Debug|Any CPU.Build.0 = Debug|Any CPU
		{EB3AAD7D-18CE-45E5-86B8-828D5AA084C8}.Release|Any CPU.ActiveCfg = Release|Any CPU
		{EB3AAD7D-18CE-45E5-86B8-828D5AA084C8}.Release|Any CPU.Build.0 = Release|Any CPU
		{3F4B7DD7-F39A-4C23-8FC3-7AC305760F55}.Debug|Any CPU.ActiveCfg = Debug|Any CPU
		{3F4B7DD7-F39A-4C23-8FC3-7AC305760F55}.Debug|Any CPU.Build.0 = Debug|Any CPU
		{3F4B7DD7-F39A-4C23-8FC3-7AC305760F55}.Release|Any CPU.ActiveCfg = Release|Any CPU
		{3F4B7DD7-F39A-4C23-8FC3-7AC305760F55}.Release|Any CPU.Build.0 = Release|Any CPU
		{A399FADB-8B80-42B0-B77A-5D4D83B22350}.Debug|Any CPU.ActiveCfg = Debug|Any CPU
		{A399FADB-8B80-42B0-B77A-5D4D83B22350}.Debug|Any CPU.Build.0 = Debug|Any CPU
		{A399FADB-8B80-42B0-B77A-5D4D83B22350}.Release|Any CPU.ActiveCfg = Release|Any CPU
		{A399FADB-8B80-42B0-B77A-5D4D83B22350}.Release|Any CPU.Build.0 = Release|Any CPU
	EndGlobalSection
	GlobalSection(SolutionProperties) = preSolution
		HideSolutionNode = FALSE
	EndGlobalSection
	GlobalSection(NestedProjects) = preSolution
		{AF824C4E-92EB-444F-BA38-EE748FC3F892} = {6E013A58-0F24-4171-8B5A-24F9FC08851D}
		{455A0829-2058-4D2A-9545-5B323012AD19} = {8159826D-AF8D-4B31-880C-371962DF62A1}
		{DF912095-5E4F-4EFE-9C92-7A20D8AFBA8A} = {455A0829-2058-4D2A-9545-5B323012AD19}
		{BC314E60-ACEA-4343-AE0E-2AE18C23A331} = {604094B3-A24E-4FDC-BA35-C33C7D40B7B8}
		{5DF43390-2895-4ACE-B6F8-0A60299E5014} = {8159826D-AF8D-4B31-880C-371962DF62A1}
		{7FAFC564-08D0-46D7-A366-3C87B44E6DB5} = {5DF43390-2895-4ACE-B6F8-0A60299E5014}
		{A24AF9A7-7DD5-45CC-BE52-85609EA32D39} = {25DD1138-5674-4974-8BF5-20154C6BBD06}
		{DA3837FA-A7EE-4156-8860-EA3E8E9A22D1} = {25DD1138-5674-4974-8BF5-20154C6BBD06}
		{E9D49CC4-9E94-4CD0-96A3-F53EB61BB6D1} = {A24AF9A7-7DD5-45CC-BE52-85609EA32D39}
		{869B5459-069B-4254-A9E7-71A1710C3DFD} = {A24AF9A7-7DD5-45CC-BE52-85609EA32D39}
		{753875A7-D81A-441E-B003-FC0CE1AD63AA} = {DA3837FA-A7EE-4156-8860-EA3E8E9A22D1}
		{5F7F37DC-5EC8-48ED-9124-4C02122FA4B2} = {25DD1138-5674-4974-8BF5-20154C6BBD06}
		{922F90E3-DBFC-4508-ADBA-DBDBEA82868E} = {5F7F37DC-5EC8-48ED-9124-4C02122FA4B2}
		{1E73839B-FF8E-4EA0-B923-9F7F284A5530} = {5F7F37DC-5EC8-48ED-9124-4C02122FA4B2}
		{C3CDE2A6-3369-423C-9CC7-E98C9BCC0604} = {1E73839B-FF8E-4EA0-B923-9F7F284A5530}
		{A5112B98-6226-424C-B2BB-BDB0A409F31C} = {922F90E3-DBFC-4508-ADBA-DBDBEA82868E}
		{EB3AAD7D-18CE-45E5-86B8-828D5AA084C8} = {5DF43390-2895-4ACE-B6F8-0A60299E5014}
		{F443F6DC-48F9-49C8-8B4D-25B666C31998} = {5F7F37DC-5EC8-48ED-9124-4C02122FA4B2}
		{3F4B7DD7-F39A-4C23-8FC3-7AC305760F55} = {F443F6DC-48F9-49C8-8B4D-25B666C31998}
		{1427A19B-4B70-444C-9E4C-3E828B3D3E31} = {25DD1138-5674-4974-8BF5-20154C6BBD06}
		{A399FADB-8B80-42B0-B77A-5D4D83B22350} = {1427A19B-4B70-444C-9E4C-3E828B3D3E31}
	EndGlobalSection
	GlobalSection(ExtensibilityGlobals) = postSolution
		SolutionGuid = {C9BDF5C7-8E82-481C-AEDB-8E4BA3153CB4}
	EndGlobalSection
EndGlobal
