
Microsoft Visual Studio Solution File, Format Version 12.00
# Visual Studio Version 17
VisualStudioVersion = 17.1.32328.378
MinimumVisualStudioVersion = 10.0.40219.1
Project("{2150E333-8FDC-42A3-9474-1A3956D46DE8}") = "1 - Presentation", "1 - Presentation", "{6E013A58-0F24-4171-8B5A-24F9FC08851D}"
EndProject
Project("{2150E333-8FDC-42A3-9474-1A3956D46DE8}") = "2 - Services", "2 - Services", "{25DD1138-5674-4974-8BF5-20154C6BBD06}"
EndProject
Project("{2150E333-8FDC-42A3-9474-1A3956D46DE8}") = "3 - Domain", "3 - Domain", "{604094B3-A24E-4FDC-BA35-C33C7D40B7B8}"
EndProject
Project("{2150E333-8FDC-42A3-9474-1A3956D46DE8}") = "4 - Infra", "4 - Infra", "{8159826D-AF8D-4B31-880C-371962DF62A1}"
EndProject
Project("{FAE04EC0-301F-11D3-BF4B-00C04F79EFBC}") = "EquipManager.Presentation", "EquipManager.Presentation\EquipManager.Presentation.csproj", "{AF824C4E-92EB-444F-BA38-EE748FC3F892}"
EndProject
Project("{2150E333-8FDC-42A3-9474-1A3956D46DE8}") = "5.1 - Data", "5.1 - Data", "{455A0829-2058-4D2A-9545-5B323012AD19}"
EndProject
Project("{FAE04EC0-301F-11D3-BF4B-00C04F79EFBC}") = "EquipManager.Infra.Data", "EquipManager.Infra.Data\EquipManager.Infra.Data.csproj", "{DF912095-5E4F-4EFE-9C92-7A20D8AFBA8A}"
EndProject
Project("{FAE04EC0-301F-11D3-BF4B-00C04F79EFBC}") = "EquipManager.Domain", "EquipManager.Domain\EquipManager.Domain.csproj", "{BC314E60-ACEA-4343-AE0E-2AE18C23A331}"
EndProject
Project("{FAE04EC0-301F-11D3-BF4B-00C04F79EFBC}") = "EquipManager.Services", "EquipManager.Services\EquipManager.Services.csproj", "{34767AD4-82BF-4AEA-8E1D-FB5FC53B2E7A}"
EndProject
Project("{FAE04EC0-301F-11D3-BF4B-00C04F79EFBC}") = "EquipManager.Services.Features", "EquipManager.Services.Features\EquipManager.Services.Features.csproj", "{67522057-000D-43B1-B4D1-9C496A5E0DEF}"
EndProject
Project("{2150E333-8FDC-42A3-9474-1A3956D46DE8}") = "5.2 - CrossCutting", "5.2 - CrossCutting", "{AF1FE868-DB00-40D5-9D49-75EFB6F9785C}"
EndProject
Project("{FAE04EC0-301F-11D3-BF4B-00C04F79EFBC}") = "EquipManager.Infra.CrossCutting.IoC", "EquipManager.Infra.CrossCutting.IoC\EquipManager.Infra.CrossCutting.IoC.csproj", "{01FAA9EA-7EE8-4E52-8727-3FFD0299C8E7}"
EndProject
Project("{2150E333-8FDC-42A3-9474-1A3956D46DE8}") = "5.3 - Core", "5.3 - Core", "{5DF43390-2895-4ACE-B6F8-0A60299E5014}"
EndProject
Project("{FAE04EC0-301F-11D3-BF4B-00C04F79EFBC}") = "EquipManager.Infra.Core", "EquipManager.Infra.Core\EquipManager.Infra.Core.csproj", "{7FAFC564-08D0-46D7-A366-3C87B44E6DB5}"
EndProject
Project("{FAE04EC0-301F-11D3-BF4B-00C04F79EFBC}") = "EquipManager.Infra.Core.Enums", "EquipManager.Infra.Core.Enums\EquipManager.Infra.Core.Enums.csproj", "{4B3DB54D-270C-4F8A-9FC8-26809F1E32C5}"
EndProject
Project("{FAE04EC0-301F-11D3-BF4B-00C04F79EFBC}") = "EquipManager.Infra.Core.Util", "EquipManager.Infra.Core.Util\EquipManager.Infra.Core.Util.csproj", "{61D54AED-6638-42E2-A7AE-B1C7196FAF8B}"
EndProject
Project("{FAE04EC0-301F-11D3-BF4B-00C04F79EFBC}") = "EquipManager.Services.Interfaces", "EquipManager.Services.Interfaces\EquipManager.Services.Interfaces.csproj", "{8E3BA38F-233E-4D46-8C13-D56702C625A5}"
EndProject
Global
	GlobalSection(SolutionConfigurationPlatforms) = preSolution
		Debug|Any CPU = Debug|Any CPU
		Release|Any CPU = Release|Any CPU
	EndGlobalSection
	GlobalSection(ProjectConfigurationPlatforms) = postSolution
		{AF824C4E-92EB-444F-BA38-EE748FC3F892}.Debug|Any CPU.ActiveCfg = Debug|Any CPU
		{AF824C4E-92EB-444F-BA38-EE748FC3F892}.Debug|Any CPU.Build.0 = Debug|Any CPU
		{AF824C4E-92EB-444F-BA38-EE748FC3F892}.Release|Any CPU.ActiveCfg = Release|Any CPU
		{AF824C4E-92EB-444F-BA38-EE748FC3F892}.Release|Any CPU.Build.0 = Release|Any CPU
		{DF912095-5E4F-4EFE-9C92-7A20D8AFBA8A}.Debug|Any CPU.ActiveCfg = Debug|Any CPU
		{DF912095-5E4F-4EFE-9C92-7A20D8AFBA8A}.Debug|Any CPU.Build.0 = Debug|Any CPU
		{DF912095-5E4F-4EFE-9C92-7A20D8AFBA8A}.Release|Any CPU.ActiveCfg = Release|Any CPU
		{DF912095-5E4F-4EFE-9C92-7A20D8AFBA8A}.Release|Any CPU.Build.0 = Release|Any CPU
		{BC314E60-ACEA-4343-AE0E-2AE18C23A331}.Debug|Any CPU.ActiveCfg = Debug|Any CPU
		{BC314E60-ACEA-4343-AE0E-2AE18C23A331}.Debug|Any CPU.Build.0 = Debug|Any CPU
		{BC314E60-ACEA-4343-AE0E-2AE18C23A331}.Release|Any CPU.ActiveCfg = Release|Any CPU
		{BC314E60-ACEA-4343-AE0E-2AE18C23A331}.Release|Any CPU.Build.0 = Release|Any CPU
		{34767AD4-82BF-4AEA-8E1D-FB5FC53B2E7A}.Debug|Any CPU.ActiveCfg = Debug|Any CPU
		{34767AD4-82BF-4AEA-8E1D-FB5FC53B2E7A}.Debug|Any CPU.Build.0 = Debug|Any CPU
		{34767AD4-82BF-4AEA-8E1D-FB5FC53B2E7A}.Release|Any CPU.ActiveCfg = Release|Any CPU
		{34767AD4-82BF-4AEA-8E1D-FB5FC53B2E7A}.Release|Any CPU.Build.0 = Release|Any CPU
		{67522057-000D-43B1-B4D1-9C496A5E0DEF}.Debug|Any CPU.ActiveCfg = Debug|Any CPU
		{67522057-000D-43B1-B4D1-9C496A5E0DEF}.Debug|Any CPU.Build.0 = Debug|Any CPU
		{67522057-000D-43B1-B4D1-9C496A5E0DEF}.Release|Any CPU.ActiveCfg = Release|Any CPU
		{67522057-000D-43B1-B4D1-9C496A5E0DEF}.Release|Any CPU.Build.0 = Release|Any CPU
		{01FAA9EA-7EE8-4E52-8727-3FFD0299C8E7}.Debug|Any CPU.ActiveCfg = Debug|Any CPU
		{01FAA9EA-7EE8-4E52-8727-3FFD0299C8E7}.Debug|Any CPU.Build.0 = Debug|Any CPU
		{01FAA9EA-7EE8-4E52-8727-3FFD0299C8E7}.Release|Any CPU.ActiveCfg = Release|Any CPU
		{01FAA9EA-7EE8-4E52-8727-3FFD0299C8E7}.Release|Any CPU.Build.0 = Release|Any CPU
		{7FAFC564-08D0-46D7-A366-3C87B44E6DB5}.Debug|Any CPU.ActiveCfg = Debug|Any CPU
		{7FAFC564-08D0-46D7-A366-3C87B44E6DB5}.Debug|Any CPU.Build.0 = Debug|Any CPU
		{7FAFC564-08D0-46D7-A366-3C87B44E6DB5}.Release|Any CPU.ActiveCfg = Release|Any CPU
		{7FAFC564-08D0-46D7-A366-3C87B44E6DB5}.Release|Any CPU.Build.0 = Release|Any CPU
		{4B3DB54D-270C-4F8A-9FC8-26809F1E32C5}.Debug|Any CPU.ActiveCfg = Debug|Any CPU
		{4B3DB54D-270C-4F8A-9FC8-26809F1E32C5}.Debug|Any CPU.Build.0 = Debug|Any CPU
		{4B3DB54D-270C-4F8A-9FC8-26809F1E32C5}.Release|Any CPU.ActiveCfg = Release|Any CPU
		{4B3DB54D-270C-4F8A-9FC8-26809F1E32C5}.Release|Any CPU.Build.0 = Release|Any CPU
		{61D54AED-6638-42E2-A7AE-B1C7196FAF8B}.Debug|Any CPU.ActiveCfg = Debug|Any CPU
		{61D54AED-6638-42E2-A7AE-B1C7196FAF8B}.Debug|Any CPU.Build.0 = Debug|Any CPU
		{61D54AED-6638-42E2-A7AE-B1C7196FAF8B}.Release|Any CPU.ActiveCfg = Release|Any CPU
		{61D54AED-6638-42E2-A7AE-B1C7196FAF8B}.Release|Any CPU.Build.0 = Release|Any CPU
		{8E3BA38F-233E-4D46-8C13-D56702C625A5}.Debug|Any CPU.ActiveCfg = Debug|Any CPU
		{8E3BA38F-233E-4D46-8C13-D56702C625A5}.Debug|Any CPU.Build.0 = Debug|Any CPU
		{8E3BA38F-233E-4D46-8C13-D56702C625A5}.Release|Any CPU.ActiveCfg = Release|Any CPU
		{8E3BA38F-233E-4D46-8C13-D56702C625A5}.Release|Any CPU.Build.0 = Release|Any CPU
	EndGlobalSection
	GlobalSection(SolutionProperties) = preSolution
		HideSolutionNode = FALSE
	EndGlobalSection
	GlobalSection(NestedProjects) = preSolution
		{AF824C4E-92EB-444F-BA38-EE748FC3F892} = {6E013A58-0F24-4171-8B5A-24F9FC08851D}
		{455A0829-2058-4D2A-9545-5B323012AD19} = {8159826D-AF8D-4B31-880C-371962DF62A1}
		{DF912095-5E4F-4EFE-9C92-7A20D8AFBA8A} = {455A0829-2058-4D2A-9545-5B323012AD19}
		{BC314E60-ACEA-4343-AE0E-2AE18C23A331} = {604094B3-A24E-4FDC-BA35-C33C7D40B7B8}
		{34767AD4-82BF-4AEA-8E1D-FB5FC53B2E7A} = {25DD1138-5674-4974-8BF5-20154C6BBD06}
		{67522057-000D-43B1-B4D1-9C496A5E0DEF} = {25DD1138-5674-4974-8BF5-20154C6BBD06}
		{AF1FE868-DB00-40D5-9D49-75EFB6F9785C} = {8159826D-AF8D-4B31-880C-371962DF62A1}
		{01FAA9EA-7EE8-4E52-8727-3FFD0299C8E7} = {AF1FE868-DB00-40D5-9D49-75EFB6F9785C}
		{5DF43390-2895-4ACE-B6F8-0A60299E5014} = {8159826D-AF8D-4B31-880C-371962DF62A1}
		{7FAFC564-08D0-46D7-A366-3C87B44E6DB5} = {5DF43390-2895-4ACE-B6F8-0A60299E5014}
		{4B3DB54D-270C-4F8A-9FC8-26809F1E32C5} = {5DF43390-2895-4ACE-B6F8-0A60299E5014}
		{61D54AED-6638-42E2-A7AE-B1C7196FAF8B} = {5DF43390-2895-4ACE-B6F8-0A60299E5014}
		{8E3BA38F-233E-4D46-8C13-D56702C625A5} = {25DD1138-5674-4974-8BF5-20154C6BBD06}
	EndGlobalSection
	GlobalSection(ExtensibilityGlobals) = postSolution
		SolutionGuid = {C9BDF5C7-8E82-481C-AEDB-8E4BA3153CB4}
	EndGlobalSection
EndGlobal
